// !$*UTF8*$!
{
	archiveVersion = 1;
	classes = {
	};
	objectVersion = 56;
	objects = {

/* Begin PBXBuildFile section */
		150F7BFE2A3CEB4D003AD5B0 /* ColorExtension.swift in Sources */ = {isa = PBXBuildFile; fileRef = 150F7BFD2A3CEB4D003AD5B0 /* ColorExtension.swift */; };
		150F7C022A3CF5F0003AD5B0 /* CheckoutView.swift in Sources */ = {isa = PBXBuildFile; fileRef = 150F7C012A3CF5F0003AD5B0 /* CheckoutView.swift */; };
		150F7C042A3CFA6A003AD5B0 /* FooterView.swift in Sources */ = {isa = PBXBuildFile; fileRef = 150F7C032A3CFA6A003AD5B0 /* FooterView.swift */; };
		150F7C062A3CFADD003AD5B0 /* HeaderView.swift in Sources */ = {isa = PBXBuildFile; fileRef = 150F7C052A3CFADD003AD5B0 /* HeaderView.swift */; };
		154925C52A37BC4B00D39D9B /* TrustlySDKDemoIOSApp.swift in Sources */ = {isa = PBXBuildFile; fileRef = 154925C42A37BC4B00D39D9B /* TrustlySDKDemoIOSApp.swift */; };
		154925C92A37BC4C00D39D9B /* Assets.xcassets in Resources */ = {isa = PBXBuildFile; fileRef = 154925C82A37BC4C00D39D9B /* Assets.xcassets */; };
		154925CC2A37BC4C00D39D9B /* Preview Assets.xcassets in Resources */ = {isa = PBXBuildFile; fileRef = 154925CB2A37BC4C00D39D9B /* Preview Assets.xcassets */; };
		154925D62A37BC4C00D39D9B /* TrustlySDKDemoIOSTests.swift in Sources */ = {isa = PBXBuildFile; fileRef = 154925D52A37BC4C00D39D9B /* TrustlySDKDemoIOSTests.swift */; };
		154925E02A37BC4D00D39D9B /* TrustlySDKDemoIOSUITests.swift in Sources */ = {isa = PBXBuildFile; fileRef = 154925DF2A37BC4D00D39D9B /* TrustlySDKDemoIOSUITests.swift */; };
		154925E22A37BC4D00D39D9B /* TrustlySDKDemoIOSUITestsLaunchTests.swift in Sources */ = {isa = PBXBuildFile; fileRef = 154925E12A37BC4D00D39D9B /* TrustlySDKDemoIOSUITestsLaunchTests.swift */; };
		1599E83D2A49AC99004BAB03 /* StatusView.swift in Sources */ = {isa = PBXBuildFile; fileRef = 1599E83C2A49AC99004BAB03 /* StatusView.swift */; };
		1599E83F2A49B137004BAB03 /* StatusViewModel.swift in Sources */ = {isa = PBXBuildFile; fileRef = 1599E83E2A49B137004BAB03 /* StatusViewModel.swift */; };
		15A2A36D2A3B54AF007F22A4 /* CartView.swift in Sources */ = {isa = PBXBuildFile; fileRef = 15A2A36C2A3B54AF007F22A4 /* CartView.swift */; };
		15A2A36F2A3B5851007F22A4 /* ProductCellView.swift in Sources */ = {isa = PBXBuildFile; fileRef = 15A2A36E2A3B5851007F22A4 /* ProductCellView.swift */; };
		15A2A3722A3B5902007F22A4 /* Product.swift in Sources */ = {isa = PBXBuildFile; fileRef = 15A2A3712A3B5902007F22A4 /* Product.swift */; };
		15A2A3742A3CA3D6007F22A4 /* ProductsListView.swift in Sources */ = {isa = PBXBuildFile; fileRef = 15A2A3732A3CA3D6007F22A4 /* ProductsListView.swift */; };
		15A2A3772A3CB5B6007F22A4 /* DoubleExtensions.swift in Sources */ = {isa = PBXBuildFile; fileRef = 15A2A3762A3CB5B6007F22A4 /* DoubleExtensions.swift */; };
		15B45DAD2A42153C002C6EC8 /* ProductViewModel.swift in Sources */ = {isa = PBXBuildFile; fileRef = 15B45DAC2A42153C002C6EC8 /* ProductViewModel.swift */; };
		15CA83782A45D935003D3288 /* CheckoutViewModel.swift in Sources */ = {isa = PBXBuildFile; fileRef = 15CA83772A45D935003D3288 /* CheckoutViewModel.swift */; };
		15F860EA58CA9CDB60EBEEE4 /* Pods_TrustlySDKDemoIOS_TrustlySDKDemoIOSUITests.framework in Frameworks */ = {isa = PBXBuildFile; fileRef = EF62CD721F1642667F55863A /* Pods_TrustlySDKDemoIOS_TrustlySDKDemoIOSUITests.framework */; };
		C186139CE73F54E94A5F9FBB /* Pods_TrustlySDKDemoIOSTests.framework in Frameworks */ = {isa = PBXBuildFile; fileRef = 111529663D46A6DF3F177681 /* Pods_TrustlySDKDemoIOSTests.framework */; };
		DB8094C3516C575F33265175 /* Pods_TrustlySDKDemoIOS.framework in Frameworks */ = {isa = PBXBuildFile; fileRef = FFB4C75D34A507C4EE274E71 /* Pods_TrustlySDKDemoIOS.framework */; };
/* End PBXBuildFile section */

/* Begin PBXContainerItemProxy section */
		154925D22A37BC4C00D39D9B /* PBXContainerItemProxy */ = {
			isa = PBXContainerItemProxy;
			containerPortal = 154925B92A37BC4B00D39D9B /* Project object */;
			proxyType = 1;
			remoteGlobalIDString = 154925C02A37BC4B00D39D9B;
			remoteInfo = TrustlySDKDemoIOS;
		};
		154925DC2A37BC4D00D39D9B /* PBXContainerItemProxy */ = {
			isa = PBXContainerItemProxy;
			containerPortal = 154925B92A37BC4B00D39D9B /* Project object */;
			proxyType = 1;
			remoteGlobalIDString = 154925C02A37BC4B00D39D9B;
			remoteInfo = TrustlySDKDemoIOS;
		};
/* End PBXContainerItemProxy section */

/* Begin PBXFileReference section */
		03A6EFD198B10EB6CC21AD0C /* Pods-TrustlySDKDemoIOS-TrustlySDKDemoIOSUITests.release.xcconfig */ = {isa = PBXFileReference; includeInIndex = 1; lastKnownFileType = text.xcconfig; name = "Pods-TrustlySDKDemoIOS-TrustlySDKDemoIOSUITests.release.xcconfig"; path = "Target Support Files/Pods-TrustlySDKDemoIOS-TrustlySDKDemoIOSUITests/Pods-TrustlySDKDemoIOS-TrustlySDKDemoIOSUITests.release.xcconfig"; sourceTree = "<group>"; };
		111529663D46A6DF3F177681 /* Pods_TrustlySDKDemoIOSTests.framework */ = {isa = PBXFileReference; explicitFileType = wrapper.framework; includeInIndex = 0; path = Pods_TrustlySDKDemoIOSTests.framework; sourceTree = BUILT_PRODUCTS_DIR; };
		150F7BFD2A3CEB4D003AD5B0 /* ColorExtension.swift */ = {isa = PBXFileReference; lastKnownFileType = sourcecode.swift; path = ColorExtension.swift; sourceTree = "<group>"; };
		150F7C012A3CF5F0003AD5B0 /* CheckoutView.swift */ = {isa = PBXFileReference; lastKnownFileType = sourcecode.swift; path = CheckoutView.swift; sourceTree = "<group>"; };
		150F7C032A3CFA6A003AD5B0 /* FooterView.swift */ = {isa = PBXFileReference; lastKnownFileType = sourcecode.swift; path = FooterView.swift; sourceTree = "<group>"; };
		150F7C052A3CFADD003AD5B0 /* HeaderView.swift */ = {isa = PBXFileReference; lastKnownFileType = sourcecode.swift; path = HeaderView.swift; sourceTree = "<group>"; };
		154925C12A37BC4B00D39D9B /* TrustlySDKDemoIOS.app */ = {isa = PBXFileReference; explicitFileType = wrapper.application; includeInIndex = 0; path = TrustlySDKDemoIOS.app; sourceTree = BUILT_PRODUCTS_DIR; };
		154925C42A37BC4B00D39D9B /* TrustlySDKDemoIOSApp.swift */ = {isa = PBXFileReference; lastKnownFileType = sourcecode.swift; path = TrustlySDKDemoIOSApp.swift; sourceTree = "<group>"; };
		154925C82A37BC4C00D39D9B /* Assets.xcassets */ = {isa = PBXFileReference; lastKnownFileType = folder.assetcatalog; path = Assets.xcassets; sourceTree = "<group>"; };
		154925CB2A37BC4C00D39D9B /* Preview Assets.xcassets */ = {isa = PBXFileReference; lastKnownFileType = folder.assetcatalog; path = "Preview Assets.xcassets"; sourceTree = "<group>"; };
		154925D12A37BC4C00D39D9B /* TrustlySDKDemoIOSTests.xctest */ = {isa = PBXFileReference; explicitFileType = wrapper.cfbundle; includeInIndex = 0; path = TrustlySDKDemoIOSTests.xctest; sourceTree = BUILT_PRODUCTS_DIR; };
		154925D52A37BC4C00D39D9B /* TrustlySDKDemoIOSTests.swift */ = {isa = PBXFileReference; lastKnownFileType = sourcecode.swift; path = TrustlySDKDemoIOSTests.swift; sourceTree = "<group>"; };
		154925DB2A37BC4D00D39D9B /* TrustlySDKDemoIOSUITests.xctest */ = {isa = PBXFileReference; explicitFileType = wrapper.cfbundle; includeInIndex = 0; path = TrustlySDKDemoIOSUITests.xctest; sourceTree = BUILT_PRODUCTS_DIR; };
		154925DF2A37BC4D00D39D9B /* TrustlySDKDemoIOSUITests.swift */ = {isa = PBXFileReference; lastKnownFileType = sourcecode.swift; path = TrustlySDKDemoIOSUITests.swift; sourceTree = "<group>"; };
		154925E12A37BC4D00D39D9B /* TrustlySDKDemoIOSUITestsLaunchTests.swift */ = {isa = PBXFileReference; lastKnownFileType = sourcecode.swift; path = TrustlySDKDemoIOSUITestsLaunchTests.swift; sourceTree = "<group>"; };
		1599E83C2A49AC99004BAB03 /* StatusView.swift */ = {isa = PBXFileReference; lastKnownFileType = sourcecode.swift; path = StatusView.swift; sourceTree = "<group>"; };
		1599E83E2A49B137004BAB03 /* StatusViewModel.swift */ = {isa = PBXFileReference; lastKnownFileType = sourcecode.swift; path = StatusViewModel.swift; sourceTree = "<group>"; };
		15A2A36C2A3B54AF007F22A4 /* CartView.swift */ = {isa = PBXFileReference; lastKnownFileType = sourcecode.swift; path = CartView.swift; sourceTree = "<group>"; };
		15A2A36E2A3B5851007F22A4 /* ProductCellView.swift */ = {isa = PBXFileReference; lastKnownFileType = sourcecode.swift; path = ProductCellView.swift; sourceTree = "<group>"; };
		15A2A3712A3B5902007F22A4 /* Product.swift */ = {isa = PBXFileReference; lastKnownFileType = sourcecode.swift; path = Product.swift; sourceTree = "<group>"; };
		15A2A3732A3CA3D6007F22A4 /* ProductsListView.swift */ = {isa = PBXFileReference; lastKnownFileType = sourcecode.swift; path = ProductsListView.swift; sourceTree = "<group>"; };
		15A2A3762A3CB5B6007F22A4 /* DoubleExtensions.swift */ = {isa = PBXFileReference; lastKnownFileType = sourcecode.swift; path = DoubleExtensions.swift; sourceTree = "<group>"; };
		15B45DAC2A42153C002C6EC8 /* ProductViewModel.swift */ = {isa = PBXFileReference; lastKnownFileType = sourcecode.swift; path = ProductViewModel.swift; sourceTree = "<group>"; };
		15CA83772A45D935003D3288 /* CheckoutViewModel.swift */ = {isa = PBXFileReference; lastKnownFileType = sourcecode.swift; path = CheckoutViewModel.swift; sourceTree = "<group>"; };
		641713521AD660F1D917E1B5 /* Pods-TrustlySDKDemoIOSTests.debug.xcconfig */ = {isa = PBXFileReference; includeInIndex = 1; lastKnownFileType = text.xcconfig; name = "Pods-TrustlySDKDemoIOSTests.debug.xcconfig"; path = "Target Support Files/Pods-TrustlySDKDemoIOSTests/Pods-TrustlySDKDemoIOSTests.debug.xcconfig"; sourceTree = "<group>"; };
		9C9C7D3B4B19AED904C3E306 /* Pods-TrustlySDKDemoIOS.debug.xcconfig */ = {isa = PBXFileReference; includeInIndex = 1; lastKnownFileType = text.xcconfig; name = "Pods-TrustlySDKDemoIOS.debug.xcconfig"; path = "Target Support Files/Pods-TrustlySDKDemoIOS/Pods-TrustlySDKDemoIOS.debug.xcconfig"; sourceTree = "<group>"; };
		AE26770D126CC1294958BA45 /* Pods-TrustlySDKDemoIOS-TrustlySDKDemoIOSUITests.debug.xcconfig */ = {isa = PBXFileReference; includeInIndex = 1; lastKnownFileType = text.xcconfig; name = "Pods-TrustlySDKDemoIOS-TrustlySDKDemoIOSUITests.debug.xcconfig"; path = "Target Support Files/Pods-TrustlySDKDemoIOS-TrustlySDKDemoIOSUITests/Pods-TrustlySDKDemoIOS-TrustlySDKDemoIOSUITests.debug.xcconfig"; sourceTree = "<group>"; };
		C1FD83CC40C18E2A7696F73C /* Pods-TrustlySDKDemoIOSTests.release.xcconfig */ = {isa = PBXFileReference; includeInIndex = 1; lastKnownFileType = text.xcconfig; name = "Pods-TrustlySDKDemoIOSTests.release.xcconfig"; path = "Target Support Files/Pods-TrustlySDKDemoIOSTests/Pods-TrustlySDKDemoIOSTests.release.xcconfig"; sourceTree = "<group>"; };
		DC2B285B9DB6457AE47C194D /* Pods-TrustlySDKDemoIOS.release.xcconfig */ = {isa = PBXFileReference; includeInIndex = 1; lastKnownFileType = text.xcconfig; name = "Pods-TrustlySDKDemoIOS.release.xcconfig"; path = "Target Support Files/Pods-TrustlySDKDemoIOS/Pods-TrustlySDKDemoIOS.release.xcconfig"; sourceTree = "<group>"; };
		EF62CD721F1642667F55863A /* Pods_TrustlySDKDemoIOS_TrustlySDKDemoIOSUITests.framework */ = {isa = PBXFileReference; explicitFileType = wrapper.framework; includeInIndex = 0; path = Pods_TrustlySDKDemoIOS_TrustlySDKDemoIOSUITests.framework; sourceTree = BUILT_PRODUCTS_DIR; };
		FFB4C75D34A507C4EE274E71 /* Pods_TrustlySDKDemoIOS.framework */ = {isa = PBXFileReference; explicitFileType = wrapper.framework; includeInIndex = 0; path = Pods_TrustlySDKDemoIOS.framework; sourceTree = BUILT_PRODUCTS_DIR; };
/* End PBXFileReference section */

/* Begin PBXFrameworksBuildPhase section */
		154925BE2A37BC4B00D39D9B /* Frameworks */ = {
			isa = PBXFrameworksBuildPhase;
			buildActionMask = 2147483647;
			files = (
				DB8094C3516C575F33265175 /* Pods_TrustlySDKDemoIOS.framework in Frameworks */,
			);
			runOnlyForDeploymentPostprocessing = 0;
		};
		154925CE2A37BC4C00D39D9B /* Frameworks */ = {
			isa = PBXFrameworksBuildPhase;
			buildActionMask = 2147483647;
			files = (
				C186139CE73F54E94A5F9FBB /* Pods_TrustlySDKDemoIOSTests.framework in Frameworks */,
			);
			runOnlyForDeploymentPostprocessing = 0;
		};
		154925D82A37BC4D00D39D9B /* Frameworks */ = {
			isa = PBXFrameworksBuildPhase;
			buildActionMask = 2147483647;
			files = (
				15F860EA58CA9CDB60EBEEE4 /* Pods_TrustlySDKDemoIOS_TrustlySDKDemoIOSUITests.framework in Frameworks */,
			);
			runOnlyForDeploymentPostprocessing = 0;
		};
/* End PBXFrameworksBuildPhase section */

/* Begin PBXGroup section */
		154925B82A37BC4B00D39D9B = {
			isa = PBXGroup;
			children = (
				154925C32A37BC4B00D39D9B /* TrustlySDKDemoIOS */,
				154925D42A37BC4C00D39D9B /* TrustlySDKDemoIOSTests */,
				154925DE2A37BC4D00D39D9B /* TrustlySDKDemoIOSUITests */,
				154925C22A37BC4B00D39D9B /* Products */,
				9EA20797A24EC49B75B5F454 /* Pods */,
				5BFD838DADACA7FC6CD3879B /* Frameworks */,
			);
			sourceTree = "<group>";
		};
		154925C22A37BC4B00D39D9B /* Products */ = {
			isa = PBXGroup;
			children = (
				154925C12A37BC4B00D39D9B /* TrustlySDKDemoIOS.app */,
				154925D12A37BC4C00D39D9B /* TrustlySDKDemoIOSTests.xctest */,
				154925DB2A37BC4D00D39D9B /* TrustlySDKDemoIOSUITests.xctest */,
			);
			name = Products;
			sourceTree = "<group>";
		};
		154925C32A37BC4B00D39D9B /* TrustlySDKDemoIOS */ = {
			isa = PBXGroup;
			children = (
				15B45DAB2A421521002C6EC8 /* ViewModels */,
				15A2A3752A3CB59C007F22A4 /* Extensions */,
				15A2A3702A3B58D6007F22A4 /* Models */,
				15A2A36B2A3B5498007F22A4 /* Views */,
				154925C42A37BC4B00D39D9B /* TrustlySDKDemoIOSApp.swift */,
				154925C82A37BC4C00D39D9B /* Assets.xcassets */,
				154925CA2A37BC4C00D39D9B /* Preview Content */,
			);
			path = TrustlySDKDemoIOS;
			sourceTree = "<group>";
		};
		154925CA2A37BC4C00D39D9B /* Preview Content */ = {
			isa = PBXGroup;
			children = (
				154925CB2A37BC4C00D39D9B /* Preview Assets.xcassets */,
			);
			path = "Preview Content";
			sourceTree = "<group>";
		};
		154925D42A37BC4C00D39D9B /* TrustlySDKDemoIOSTests */ = {
			isa = PBXGroup;
			children = (
				154925D52A37BC4C00D39D9B /* TrustlySDKDemoIOSTests.swift */,
			);
			path = TrustlySDKDemoIOSTests;
			sourceTree = "<group>";
		};
		154925DE2A37BC4D00D39D9B /* TrustlySDKDemoIOSUITests */ = {
			isa = PBXGroup;
			children = (
				154925DF2A37BC4D00D39D9B /* TrustlySDKDemoIOSUITests.swift */,
				154925E12A37BC4D00D39D9B /* TrustlySDKDemoIOSUITestsLaunchTests.swift */,
			);
			path = TrustlySDKDemoIOSUITests;
			sourceTree = "<group>";
		};
		15A2A36B2A3B5498007F22A4 /* Views */ = {
			isa = PBXGroup;
			children = (
				15A2A36C2A3B54AF007F22A4 /* CartView.swift */,
				15A2A36E2A3B5851007F22A4 /* ProductCellView.swift */,
				15A2A3732A3CA3D6007F22A4 /* ProductsListView.swift */,
				150F7C012A3CF5F0003AD5B0 /* CheckoutView.swift */,
				150F7C032A3CFA6A003AD5B0 /* FooterView.swift */,
				150F7C052A3CFADD003AD5B0 /* HeaderView.swift */,
				1599E83C2A49AC99004BAB03 /* StatusView.swift */,
			);
			path = Views;
			sourceTree = "<group>";
		};
		15A2A3702A3B58D6007F22A4 /* Models */ = {
			isa = PBXGroup;
			children = (
				15A2A3712A3B5902007F22A4 /* Product.swift */,
			);
			path = Models;
			sourceTree = "<group>";
		};
		15A2A3752A3CB59C007F22A4 /* Extensions */ = {
			isa = PBXGroup;
			children = (
				15A2A3762A3CB5B6007F22A4 /* DoubleExtensions.swift */,
				150F7BFD2A3CEB4D003AD5B0 /* ColorExtension.swift */,
			);
			path = Extensions;
			sourceTree = "<group>";
		};
		15B45DAB2A421521002C6EC8 /* ViewModels */ = {
			isa = PBXGroup;
			children = (
				15B45DAC2A42153C002C6EC8 /* ProductViewModel.swift */,
				15CA83772A45D935003D3288 /* CheckoutViewModel.swift */,
				1599E83E2A49B137004BAB03 /* StatusViewModel.swift */,
			);
			path = ViewModels;
			sourceTree = "<group>";
		};
		5BFD838DADACA7FC6CD3879B /* Frameworks */ = {
			isa = PBXGroup;
			children = (
				FFB4C75D34A507C4EE274E71 /* Pods_TrustlySDKDemoIOS.framework */,
				EF62CD721F1642667F55863A /* Pods_TrustlySDKDemoIOS_TrustlySDKDemoIOSUITests.framework */,
				111529663D46A6DF3F177681 /* Pods_TrustlySDKDemoIOSTests.framework */,
			);
			name = Frameworks;
			sourceTree = "<group>";
		};
		9EA20797A24EC49B75B5F454 /* Pods */ = {
			isa = PBXGroup;
			children = (
				9C9C7D3B4B19AED904C3E306 /* Pods-TrustlySDKDemoIOS.debug.xcconfig */,
				DC2B285B9DB6457AE47C194D /* Pods-TrustlySDKDemoIOS.release.xcconfig */,
				AE26770D126CC1294958BA45 /* Pods-TrustlySDKDemoIOS-TrustlySDKDemoIOSUITests.debug.xcconfig */,
				03A6EFD198B10EB6CC21AD0C /* Pods-TrustlySDKDemoIOS-TrustlySDKDemoIOSUITests.release.xcconfig */,
				641713521AD660F1D917E1B5 /* Pods-TrustlySDKDemoIOSTests.debug.xcconfig */,
				C1FD83CC40C18E2A7696F73C /* Pods-TrustlySDKDemoIOSTests.release.xcconfig */,
			);
			path = Pods;
			sourceTree = "<group>";
		};
/* End PBXGroup section */

/* Begin PBXNativeTarget section */
		154925C02A37BC4B00D39D9B /* TrustlySDKDemoIOS */ = {
			isa = PBXNativeTarget;
			buildConfigurationList = 154925E52A37BC4D00D39D9B /* Build configuration list for PBXNativeTarget "TrustlySDKDemoIOS" */;
			buildPhases = (
				6C43C9C187EB4436B59E4D56 /* [CP] Check Pods Manifest.lock */,
				154925BD2A37BC4B00D39D9B /* Sources */,
				154925BE2A37BC4B00D39D9B /* Frameworks */,
				154925BF2A37BC4B00D39D9B /* Resources */,
				54226D3857D119B7DB415E1A /* [CP] Embed Pods Frameworks */,
			);
			buildRules = (
			);
			dependencies = (
			);
			name = TrustlySDKDemoIOS;
			productName = TrustlySDKDemoIOS;
			productReference = 154925C12A37BC4B00D39D9B /* TrustlySDKDemoIOS.app */;
			productType = "com.apple.product-type.application";
		};
		154925D02A37BC4C00D39D9B /* TrustlySDKDemoIOSTests */ = {
			isa = PBXNativeTarget;
			buildConfigurationList = 154925E82A37BC4D00D39D9B /* Build configuration list for PBXNativeTarget "TrustlySDKDemoIOSTests" */;
			buildPhases = (
				1E29B1C63BD967C720A580A0 /* [CP] Check Pods Manifest.lock */,
				154925CD2A37BC4C00D39D9B /* Sources */,
				154925CE2A37BC4C00D39D9B /* Frameworks */,
				154925CF2A37BC4C00D39D9B /* Resources */,
			);
			buildRules = (
			);
			dependencies = (
				154925D32A37BC4C00D39D9B /* PBXTargetDependency */,
			);
			name = TrustlySDKDemoIOSTests;
			productName = TrustlySDKDemoIOSTests;
			productReference = 154925D12A37BC4C00D39D9B /* TrustlySDKDemoIOSTests.xctest */;
			productType = "com.apple.product-type.bundle.unit-test";
		};
		154925DA2A37BC4D00D39D9B /* TrustlySDKDemoIOSUITests */ = {
			isa = PBXNativeTarget;
			buildConfigurationList = 154925EB2A37BC4D00D39D9B /* Build configuration list for PBXNativeTarget "TrustlySDKDemoIOSUITests" */;
			buildPhases = (
				B3B287C5FC8EC901084877AC /* [CP] Check Pods Manifest.lock */,
				154925D72A37BC4D00D39D9B /* Sources */,
				154925D82A37BC4D00D39D9B /* Frameworks */,
				154925D92A37BC4D00D39D9B /* Resources */,
				C32FFAA40F7E0D6ABBF47F8E /* [CP] Embed Pods Frameworks */,
			);
			buildRules = (
			);
			dependencies = (
				154925DD2A37BC4D00D39D9B /* PBXTargetDependency */,
			);
			name = TrustlySDKDemoIOSUITests;
			productName = TrustlySDKDemoIOSUITests;
			productReference = 154925DB2A37BC4D00D39D9B /* TrustlySDKDemoIOSUITests.xctest */;
			productType = "com.apple.product-type.bundle.ui-testing";
		};
/* End PBXNativeTarget section */

/* Begin PBXProject section */
		154925B92A37BC4B00D39D9B /* Project object */ = {
			isa = PBXProject;
			attributes = {
				BuildIndependentTargetsInParallel = 1;
				LastSwiftUpdateCheck = 1430;
				LastUpgradeCheck = 1430;
				TargetAttributes = {
					154925C02A37BC4B00D39D9B = {
						CreatedOnToolsVersion = 14.3.1;
					};
					154925D02A37BC4C00D39D9B = {
						CreatedOnToolsVersion = 14.3.1;
						TestTargetID = 154925C02A37BC4B00D39D9B;
					};
					154925DA2A37BC4D00D39D9B = {
						CreatedOnToolsVersion = 14.3.1;
						TestTargetID = 154925C02A37BC4B00D39D9B;
					};
				};
			};
			buildConfigurationList = 154925BC2A37BC4B00D39D9B /* Build configuration list for PBXProject "TrustlySDKDemoIOS" */;
			compatibilityVersion = "Xcode 14.0";
			developmentRegion = en;
			hasScannedForEncodings = 0;
			knownRegions = (
				en,
				Base,
			);
			mainGroup = 154925B82A37BC4B00D39D9B;
			productRefGroup = 154925C22A37BC4B00D39D9B /* Products */;
			projectDirPath = "";
			projectRoot = "";
			targets = (
				154925C02A37BC4B00D39D9B /* TrustlySDKDemoIOS */,
				154925D02A37BC4C00D39D9B /* TrustlySDKDemoIOSTests */,
				154925DA2A37BC4D00D39D9B /* TrustlySDKDemoIOSUITests */,
			);
		};
/* End PBXProject section */

/* Begin PBXResourcesBuildPhase section */
		154925BF2A37BC4B00D39D9B /* Resources */ = {
			isa = PBXResourcesBuildPhase;
			buildActionMask = 2147483647;
			files = (
				154925CC2A37BC4C00D39D9B /* Preview Assets.xcassets in Resources */,
				154925C92A37BC4C00D39D9B /* Assets.xcassets in Resources */,
			);
			runOnlyForDeploymentPostprocessing = 0;
		};
		154925CF2A37BC4C00D39D9B /* Resources */ = {
			isa = PBXResourcesBuildPhase;
			buildActionMask = 2147483647;
			files = (
			);
			runOnlyForDeploymentPostprocessing = 0;
		};
		154925D92A37BC4D00D39D9B /* Resources */ = {
			isa = PBXResourcesBuildPhase;
			buildActionMask = 2147483647;
			files = (
			);
			runOnlyForDeploymentPostprocessing = 0;
		};
/* End PBXResourcesBuildPhase section */

/* Begin PBXShellScriptBuildPhase section */
		1E29B1C63BD967C720A580A0 /* [CP] Check Pods Manifest.lock */ = {
			isa = PBXShellScriptBuildPhase;
			buildActionMask = 2147483647;
			files = (
			);
			inputFileListPaths = (
			);
			inputPaths = (
				"${PODS_PODFILE_DIR_PATH}/Podfile.lock",
				"${PODS_ROOT}/Manifest.lock",
			);
			name = "[CP] Check Pods Manifest.lock";
			outputFileListPaths = (
			);
			outputPaths = (
				"$(DERIVED_FILE_DIR)/Pods-TrustlySDKDemoIOSTests-checkManifestLockResult.txt",
			);
			runOnlyForDeploymentPostprocessing = 0;
			shellPath = /bin/sh;
			shellScript = "diff \"${PODS_PODFILE_DIR_PATH}/Podfile.lock\" \"${PODS_ROOT}/Manifest.lock\" > /dev/null\nif [ $? != 0 ] ; then\n    # print error to STDERR\n    echo \"error: The sandbox is not in sync with the Podfile.lock. Run 'pod install' or update your CocoaPods installation.\" >&2\n    exit 1\nfi\n# This output is used by Xcode 'outputs' to avoid re-running this script phase.\necho \"SUCCESS\" > \"${SCRIPT_OUTPUT_FILE_0}\"\n";
			showEnvVarsInLog = 0;
		};
		54226D3857D119B7DB415E1A /* [CP] Embed Pods Frameworks */ = {
			isa = PBXShellScriptBuildPhase;
			buildActionMask = 2147483647;
			files = (
			);
			inputFileListPaths = (
				"${PODS_ROOT}/Target Support Files/Pods-TrustlySDKDemoIOS/Pods-TrustlySDKDemoIOS-frameworks-${CONFIGURATION}-input-files.xcfilelist",
			);
			name = "[CP] Embed Pods Frameworks";
			outputFileListPaths = (
				"${PODS_ROOT}/Target Support Files/Pods-TrustlySDKDemoIOS/Pods-TrustlySDKDemoIOS-frameworks-${CONFIGURATION}-output-files.xcfilelist",
			);
			runOnlyForDeploymentPostprocessing = 0;
			shellPath = /bin/sh;
			shellScript = "\"${PODS_ROOT}/Target Support Files/Pods-TrustlySDKDemoIOS/Pods-TrustlySDKDemoIOS-frameworks.sh\"\n";
			showEnvVarsInLog = 0;
		};
		6C43C9C187EB4436B59E4D56 /* [CP] Check Pods Manifest.lock */ = {
			isa = PBXShellScriptBuildPhase;
			buildActionMask = 2147483647;
			files = (
			);
			inputFileListPaths = (
			);
			inputPaths = (
				"${PODS_PODFILE_DIR_PATH}/Podfile.lock",
				"${PODS_ROOT}/Manifest.lock",
			);
			name = "[CP] Check Pods Manifest.lock";
			outputFileListPaths = (
			);
			outputPaths = (
				"$(DERIVED_FILE_DIR)/Pods-TrustlySDKDemoIOS-checkManifestLockResult.txt",
			);
			runOnlyForDeploymentPostprocessing = 0;
			shellPath = /bin/sh;
			shellScript = "diff \"${PODS_PODFILE_DIR_PATH}/Podfile.lock\" \"${PODS_ROOT}/Manifest.lock\" > /dev/null\nif [ $? != 0 ] ; then\n    # print error to STDERR\n    echo \"error: The sandbox is not in sync with the Podfile.lock. Run 'pod install' or update your CocoaPods installation.\" >&2\n    exit 1\nfi\n# This output is used by Xcode 'outputs' to avoid re-running this script phase.\necho \"SUCCESS\" > \"${SCRIPT_OUTPUT_FILE_0}\"\n";
			showEnvVarsInLog = 0;
		};
		B3B287C5FC8EC901084877AC /* [CP] Check Pods Manifest.lock */ = {
			isa = PBXShellScriptBuildPhase;
			buildActionMask = 2147483647;
			files = (
			);
			inputFileListPaths = (
			);
			inputPaths = (
				"${PODS_PODFILE_DIR_PATH}/Podfile.lock",
				"${PODS_ROOT}/Manifest.lock",
			);
			name = "[CP] Check Pods Manifest.lock";
			outputFileListPaths = (
			);
			outputPaths = (
				"$(DERIVED_FILE_DIR)/Pods-TrustlySDKDemoIOS-TrustlySDKDemoIOSUITests-checkManifestLockResult.txt",
			);
			runOnlyForDeploymentPostprocessing = 0;
			shellPath = /bin/sh;
			shellScript = "diff \"${PODS_PODFILE_DIR_PATH}/Podfile.lock\" \"${PODS_ROOT}/Manifest.lock\" > /dev/null\nif [ $? != 0 ] ; then\n    # print error to STDERR\n    echo \"error: The sandbox is not in sync with the Podfile.lock. Run 'pod install' or update your CocoaPods installation.\" >&2\n    exit 1\nfi\n# This output is used by Xcode 'outputs' to avoid re-running this script phase.\necho \"SUCCESS\" > \"${SCRIPT_OUTPUT_FILE_0}\"\n";
			showEnvVarsInLog = 0;
		};
		C32FFAA40F7E0D6ABBF47F8E /* [CP] Embed Pods Frameworks */ = {
			isa = PBXShellScriptBuildPhase;
			buildActionMask = 2147483647;
			files = (
			);
			inputFileListPaths = (
				"${PODS_ROOT}/Target Support Files/Pods-TrustlySDKDemoIOS-TrustlySDKDemoIOSUITests/Pods-TrustlySDKDemoIOS-TrustlySDKDemoIOSUITests-frameworks-${CONFIGURATION}-input-files.xcfilelist",
			);
			name = "[CP] Embed Pods Frameworks";
			outputFileListPaths = (
				"${PODS_ROOT}/Target Support Files/Pods-TrustlySDKDemoIOS-TrustlySDKDemoIOSUITests/Pods-TrustlySDKDemoIOS-TrustlySDKDemoIOSUITests-frameworks-${CONFIGURATION}-output-files.xcfilelist",
			);
			runOnlyForDeploymentPostprocessing = 0;
			shellPath = /bin/sh;
			shellScript = "\"${PODS_ROOT}/Target Support Files/Pods-TrustlySDKDemoIOS-TrustlySDKDemoIOSUITests/Pods-TrustlySDKDemoIOS-TrustlySDKDemoIOSUITests-frameworks.sh\"\n";
			showEnvVarsInLog = 0;
		};
/* End PBXShellScriptBuildPhase section */

/* Begin PBXSourcesBuildPhase section */
		154925BD2A37BC4B00D39D9B /* Sources */ = {
			isa = PBXSourcesBuildPhase;
			buildActionMask = 2147483647;
			files = (
				15CA83782A45D935003D3288 /* CheckoutViewModel.swift in Sources */,
				1599E83D2A49AC99004BAB03 /* StatusView.swift in Sources */,
				15B45DAD2A42153C002C6EC8 /* ProductViewModel.swift in Sources */,
				15A2A36F2A3B5851007F22A4 /* ProductCellView.swift in Sources */,
				15A2A36D2A3B54AF007F22A4 /* CartView.swift in Sources */,
				15A2A3742A3CA3D6007F22A4 /* ProductsListView.swift in Sources */,
				150F7C042A3CFA6A003AD5B0 /* FooterView.swift in Sources */,
				150F7BFE2A3CEB4D003AD5B0 /* ColorExtension.swift in Sources */,
				1599E83F2A49B137004BAB03 /* StatusViewModel.swift in Sources */,
				150F7C062A3CFADD003AD5B0 /* HeaderView.swift in Sources */,
				15A2A3772A3CB5B6007F22A4 /* DoubleExtensions.swift in Sources */,
				15A2A3722A3B5902007F22A4 /* Product.swift in Sources */,
				150F7C022A3CF5F0003AD5B0 /* CheckoutView.swift in Sources */,
				154925C52A37BC4B00D39D9B /* TrustlySDKDemoIOSApp.swift in Sources */,
			);
			runOnlyForDeploymentPostprocessing = 0;
		};
		154925CD2A37BC4C00D39D9B /* Sources */ = {
			isa = PBXSourcesBuildPhase;
			buildActionMask = 2147483647;
			files = (
				154925D62A37BC4C00D39D9B /* TrustlySDKDemoIOSTests.swift in Sources */,
			);
			runOnlyForDeploymentPostprocessing = 0;
		};
		154925D72A37BC4D00D39D9B /* Sources */ = {
			isa = PBXSourcesBuildPhase;
			buildActionMask = 2147483647;
			files = (
				154925E22A37BC4D00D39D9B /* TrustlySDKDemoIOSUITestsLaunchTests.swift in Sources */,
				154925E02A37BC4D00D39D9B /* TrustlySDKDemoIOSUITests.swift in Sources */,
			);
			runOnlyForDeploymentPostprocessing = 0;
		};
/* End PBXSourcesBuildPhase section */

/* Begin PBXTargetDependency section */
		154925D32A37BC4C00D39D9B /* PBXTargetDependency */ = {
			isa = PBXTargetDependency;
			target = 154925C02A37BC4B00D39D9B /* TrustlySDKDemoIOS */;
			targetProxy = 154925D22A37BC4C00D39D9B /* PBXContainerItemProxy */;
		};
		154925DD2A37BC4D00D39D9B /* PBXTargetDependency */ = {
			isa = PBXTargetDependency;
			target = 154925C02A37BC4B00D39D9B /* TrustlySDKDemoIOS */;
			targetProxy = 154925DC2A37BC4D00D39D9B /* PBXContainerItemProxy */;
		};
/* End PBXTargetDependency section */

/* Begin XCBuildConfiguration section */
		154925E32A37BC4D00D39D9B /* Debug */ = {
			isa = XCBuildConfiguration;
			buildSettings = {
				ALWAYS_SEARCH_USER_PATHS = NO;
				CLANG_ANALYZER_NONNULL = YES;
				CLANG_ANALYZER_NUMBER_OBJECT_CONVERSION = YES_AGGRESSIVE;
				CLANG_CXX_LANGUAGE_STANDARD = "gnu++20";
				CLANG_ENABLE_MODULES = YES;
				CLANG_ENABLE_OBJC_ARC = YES;
				CLANG_ENABLE_OBJC_WEAK = YES;
				CLANG_WARN_BLOCK_CAPTURE_AUTORELEASING = YES;
				CLANG_WARN_BOOL_CONVERSION = YES;
				CLANG_WARN_COMMA = YES;
				CLANG_WARN_CONSTANT_CONVERSION = YES;
				CLANG_WARN_DEPRECATED_OBJC_IMPLEMENTATIONS = YES;
				CLANG_WARN_DIRECT_OBJC_ISA_USAGE = YES_ERROR;
				CLANG_WARN_DOCUMENTATION_COMMENTS = YES;
				CLANG_WARN_EMPTY_BODY = YES;
				CLANG_WARN_ENUM_CONVERSION = YES;
				CLANG_WARN_INFINITE_RECURSION = YES;
				CLANG_WARN_INT_CONVERSION = YES;
				CLANG_WARN_NON_LITERAL_NULL_CONVERSION = YES;
				CLANG_WARN_OBJC_IMPLICIT_RETAIN_SELF = YES;
				CLANG_WARN_OBJC_LITERAL_CONVERSION = YES;
				CLANG_WARN_OBJC_ROOT_CLASS = YES_ERROR;
				CLANG_WARN_QUOTED_INCLUDE_IN_FRAMEWORK_HEADER = YES;
				CLANG_WARN_RANGE_LOOP_ANALYSIS = YES;
				CLANG_WARN_STRICT_PROTOTYPES = YES;
				CLANG_WARN_SUSPICIOUS_MOVE = YES;
				CLANG_WARN_UNGUARDED_AVAILABILITY = YES_AGGRESSIVE;
				CLANG_WARN_UNREACHABLE_CODE = YES;
				CLANG_WARN__DUPLICATE_METHOD_MATCH = YES;
				COPY_PHASE_STRIP = NO;
				DEBUG_INFORMATION_FORMAT = dwarf;
				ENABLE_STRICT_OBJC_MSGSEND = YES;
				ENABLE_TESTABILITY = YES;
				GCC_C_LANGUAGE_STANDARD = gnu11;
				GCC_DYNAMIC_NO_PIC = NO;
				GCC_NO_COMMON_BLOCKS = YES;
				GCC_OPTIMIZATION_LEVEL = 0;
				GCC_PREPROCESSOR_DEFINITIONS = (
					"DEBUG=1",
					"$(inherited)",
				);
				GCC_WARN_64_TO_32_BIT_CONVERSION = YES;
				GCC_WARN_ABOUT_RETURN_TYPE = YES_ERROR;
				GCC_WARN_UNDECLARED_SELECTOR = YES;
				GCC_WARN_UNINITIALIZED_AUTOS = YES_AGGRESSIVE;
				GCC_WARN_UNUSED_FUNCTION = YES;
				GCC_WARN_UNUSED_VARIABLE = YES;
				IPHONEOS_DEPLOYMENT_TARGET = 16.4;
				MTL_ENABLE_DEBUG_INFO = INCLUDE_SOURCE;
				MTL_FAST_MATH = YES;
				ONLY_ACTIVE_ARCH = YES;
				SDKROOT = iphoneos;
				SWIFT_ACTIVE_COMPILATION_CONDITIONS = DEBUG;
				SWIFT_OPTIMIZATION_LEVEL = "-Onone";
			};
			name = Debug;
		};
		154925E42A37BC4D00D39D9B /* Release */ = {
			isa = XCBuildConfiguration;
			buildSettings = {
				ALWAYS_SEARCH_USER_PATHS = NO;
				CLANG_ANALYZER_NONNULL = YES;
				CLANG_ANALYZER_NUMBER_OBJECT_CONVERSION = YES_AGGRESSIVE;
				CLANG_CXX_LANGUAGE_STANDARD = "gnu++20";
				CLANG_ENABLE_MODULES = YES;
				CLANG_ENABLE_OBJC_ARC = YES;
				CLANG_ENABLE_OBJC_WEAK = YES;
				CLANG_WARN_BLOCK_CAPTURE_AUTORELEASING = YES;
				CLANG_WARN_BOOL_CONVERSION = YES;
				CLANG_WARN_COMMA = YES;
				CLANG_WARN_CONSTANT_CONVERSION = YES;
				CLANG_WARN_DEPRECATED_OBJC_IMPLEMENTATIONS = YES;
				CLANG_WARN_DIRECT_OBJC_ISA_USAGE = YES_ERROR;
				CLANG_WARN_DOCUMENTATION_COMMENTS = YES;
				CLANG_WARN_EMPTY_BODY = YES;
				CLANG_WARN_ENUM_CONVERSION = YES;
				CLANG_WARN_INFINITE_RECURSION = YES;
				CLANG_WARN_INT_CONVERSION = YES;
				CLANG_WARN_NON_LITERAL_NULL_CONVERSION = YES;
				CLANG_WARN_OBJC_IMPLICIT_RETAIN_SELF = YES;
				CLANG_WARN_OBJC_LITERAL_CONVERSION = YES;
				CLANG_WARN_OBJC_ROOT_CLASS = YES_ERROR;
				CLANG_WARN_QUOTED_INCLUDE_IN_FRAMEWORK_HEADER = YES;
				CLANG_WARN_RANGE_LOOP_ANALYSIS = YES;
				CLANG_WARN_STRICT_PROTOTYPES = YES;
				CLANG_WARN_SUSPICIOUS_MOVE = YES;
				CLANG_WARN_UNGUARDED_AVAILABILITY = YES_AGGRESSIVE;
				CLANG_WARN_UNREACHABLE_CODE = YES;
				CLANG_WARN__DUPLICATE_METHOD_MATCH = YES;
				COPY_PHASE_STRIP = NO;
				DEBUG_INFORMATION_FORMAT = "dwarf-with-dsym";
				ENABLE_NS_ASSERTIONS = NO;
				ENABLE_STRICT_OBJC_MSGSEND = YES;
				GCC_C_LANGUAGE_STANDARD = gnu11;
				GCC_NO_COMMON_BLOCKS = YES;
				GCC_WARN_64_TO_32_BIT_CONVERSION = YES;
				GCC_WARN_ABOUT_RETURN_TYPE = YES_ERROR;
				GCC_WARN_UNDECLARED_SELECTOR = YES;
				GCC_WARN_UNINITIALIZED_AUTOS = YES_AGGRESSIVE;
				GCC_WARN_UNUSED_FUNCTION = YES;
				GCC_WARN_UNUSED_VARIABLE = YES;
				IPHONEOS_DEPLOYMENT_TARGET = 16.4;
				MTL_ENABLE_DEBUG_INFO = NO;
				MTL_FAST_MATH = YES;
				SDKROOT = iphoneos;
				SWIFT_COMPILATION_MODE = wholemodule;
				SWIFT_OPTIMIZATION_LEVEL = "-O";
				VALIDATE_PRODUCT = YES;
			};
			name = Release;
		};
		154925E62A37BC4D00D39D9B /* Debug */ = {
			isa = XCBuildConfiguration;
			baseConfigurationReference = 9C9C7D3B4B19AED904C3E306 /* Pods-TrustlySDKDemoIOS.debug.xcconfig */;
			buildSettings = {
				ASSETCATALOG_COMPILER_APPICON_NAME = AppIcon;
				ASSETCATALOG_COMPILER_GLOBAL_ACCENT_COLOR_NAME = AccentColor;
				CODE_SIGN_STYLE = Automatic;
				CURRENT_PROJECT_VERSION = 1;
				DEVELOPMENT_ASSET_PATHS = "\"TrustlySDKDemoIOS/Preview Content\"";
				DEVELOPMENT_TEAM = 935WTYE9VM;
				ENABLE_PREVIEWS = YES;
				GENERATE_INFOPLIST_FILE = YES;
				INFOPLIST_KEY_UIApplicationSceneManifest_Generation = YES;
				INFOPLIST_KEY_UIApplicationSupportsIndirectInputEvents = YES;
				INFOPLIST_KEY_UILaunchScreen_Generation = YES;
				INFOPLIST_KEY_UISupportedInterfaceOrientations_iPad = "UIInterfaceOrientationPortrait UIInterfaceOrientationPortraitUpsideDown UIInterfaceOrientationLandscapeLeft UIInterfaceOrientationLandscapeRight";
				INFOPLIST_KEY_UISupportedInterfaceOrientations_iPhone = "UIInterfaceOrientationPortrait UIInterfaceOrientationLandscapeLeft UIInterfaceOrientationLandscapeRight";
				LD_RUNPATH_SEARCH_PATHS = (
					"$(inherited)",
					"@executable_path/Frameworks",
				);
				MARKETING_VERSION = 1.0;
				PRODUCT_BUNDLE_IDENTIFIER = com.trustly.spm.app.TrustlySDKDemoIOS;
				PRODUCT_NAME = "$(TARGET_NAME)";
				SWIFT_EMIT_LOC_STRINGS = YES;
				SWIFT_VERSION = 5.0;
				TARGETED_DEVICE_FAMILY = "1,2";
			};
			name = Debug;
		};
		154925E72A37BC4D00D39D9B /* Release */ = {
			isa = XCBuildConfiguration;
			baseConfigurationReference = DC2B285B9DB6457AE47C194D /* Pods-TrustlySDKDemoIOS.release.xcconfig */;
			buildSettings = {
				ASSETCATALOG_COMPILER_APPICON_NAME = AppIcon;
				ASSETCATALOG_COMPILER_GLOBAL_ACCENT_COLOR_NAME = AccentColor;
				CODE_SIGN_STYLE = Automatic;
				CURRENT_PROJECT_VERSION = 1;
				DEVELOPMENT_ASSET_PATHS = "\"TrustlySDKDemoIOS/Preview Content\"";
				DEVELOPMENT_TEAM = 935WTYE9VM;
				ENABLE_PREVIEWS = YES;
				GENERATE_INFOPLIST_FILE = YES;
				INFOPLIST_KEY_UIApplicationSceneManifest_Generation = YES;
				INFOPLIST_KEY_UIApplicationSupportsIndirectInputEvents = YES;
				INFOPLIST_KEY_UILaunchScreen_Generation = YES;
				INFOPLIST_KEY_UISupportedInterfaceOrientations_iPad = "UIInterfaceOrientationPortrait UIInterfaceOrientationPortraitUpsideDown UIInterfaceOrientationLandscapeLeft UIInterfaceOrientationLandscapeRight";
				INFOPLIST_KEY_UISupportedInterfaceOrientations_iPhone = "UIInterfaceOrientationPortrait UIInterfaceOrientationLandscapeLeft UIInterfaceOrientationLandscapeRight";
				LD_RUNPATH_SEARCH_PATHS = (
					"$(inherited)",
					"@executable_path/Frameworks",
				);
				MARKETING_VERSION = 1.0;
				PRODUCT_BUNDLE_IDENTIFIER = com.trustly.spm.app.TrustlySDKDemoIOS;
				PRODUCT_NAME = "$(TARGET_NAME)";
				SWIFT_EMIT_LOC_STRINGS = YES;
				SWIFT_VERSION = 5.0;
				TARGETED_DEVICE_FAMILY = "1,2";
			};
			name = Release;
		};
		154925E92A37BC4D00D39D9B /* Debug */ = {
			isa = XCBuildConfiguration;
			baseConfigurationReference = 641713521AD660F1D917E1B5 /* Pods-TrustlySDKDemoIOSTests.debug.xcconfig */;
			buildSettings = {
				ALWAYS_EMBED_SWIFT_STANDARD_LIBRARIES = YES;
				BUNDLE_LOADER = "$(TEST_HOST)";
				CODE_SIGN_STYLE = Automatic;
				CURRENT_PROJECT_VERSION = 1;
				DEVELOPMENT_TEAM = 935WTYE9VM;
				GENERATE_INFOPLIST_FILE = YES;
				IPHONEOS_DEPLOYMENT_TARGET = 16.4;
				MARKETING_VERSION = 1.0;
				PRODUCT_BUNDLE_IDENTIFIER = com.trustly.spm.app.TrustlySDKDemoIOSTests;
				PRODUCT_NAME = "$(TARGET_NAME)";
				SWIFT_EMIT_LOC_STRINGS = NO;
				SWIFT_VERSION = 5.0;
				TARGETED_DEVICE_FAMILY = "1,2";
				TEST_HOST = "$(BUILT_PRODUCTS_DIR)/TrustlySDKDemoIOS.app/$(BUNDLE_EXECUTABLE_FOLDER_PATH)/TrustlySDKDemoIOS";
			};
			name = Debug;
		};
		154925EA2A37BC4D00D39D9B /* Release */ = {
			isa = XCBuildConfiguration;
			baseConfigurationReference = C1FD83CC40C18E2A7696F73C /* Pods-TrustlySDKDemoIOSTests.release.xcconfig */;
			buildSettings = {
				ALWAYS_EMBED_SWIFT_STANDARD_LIBRARIES = YES;
				BUNDLE_LOADER = "$(TEST_HOST)";
				CODE_SIGN_STYLE = Automatic;
				CURRENT_PROJECT_VERSION = 1;
				DEVELOPMENT_TEAM = 935WTYE9VM;
				GENERATE_INFOPLIST_FILE = YES;
				IPHONEOS_DEPLOYMENT_TARGET = 16.4;
				MARKETING_VERSION = 1.0;
				PRODUCT_BUNDLE_IDENTIFIER = com.trustly.spm.app.TrustlySDKDemoIOSTests;
				PRODUCT_NAME = "$(TARGET_NAME)";
				SWIFT_EMIT_LOC_STRINGS = NO;
				SWIFT_VERSION = 5.0;
				TARGETED_DEVICE_FAMILY = "1,2";
				TEST_HOST = "$(BUILT_PRODUCTS_DIR)/TrustlySDKDemoIOS.app/$(BUNDLE_EXECUTABLE_FOLDER_PATH)/TrustlySDKDemoIOS";
			};
			name = Release;
		};
		154925EC2A37BC4D00D39D9B /* Debug */ = {
			isa = XCBuildConfiguration;
			baseConfigurationReference = AE26770D126CC1294958BA45 /* Pods-TrustlySDKDemoIOS-TrustlySDKDemoIOSUITests.debug.xcconfig */;
			buildSettings = {
				ALWAYS_EMBED_SWIFT_STANDARD_LIBRARIES = YES;
				CODE_SIGN_STYLE = Automatic;
				CURRENT_PROJECT_VERSION = 1;
				DEVELOPMENT_TEAM = 935WTYE9VM;
				GENERATE_INFOPLIST_FILE = YES;
				MARKETING_VERSION = 1.0;
				PRODUCT_BUNDLE_IDENTIFIER = com.trustly.spm.app.TrustlySDKDemoIOSUITests;
				PRODUCT_NAME = "$(TARGET_NAME)";
				SWIFT_EMIT_LOC_STRINGS = NO;
				SWIFT_VERSION = 5.0;
				TARGETED_DEVICE_FAMILY = "1,2";
				TEST_TARGET_NAME = TrustlySDKDemoIOS;
			};
			name = Debug;
		};
		154925ED2A37BC4D00D39D9B /* Release */ = {
			isa = XCBuildConfiguration;
			baseConfigurationReference = 03A6EFD198B10EB6CC21AD0C /* Pods-TrustlySDKDemoIOS-TrustlySDKDemoIOSUITests.release.xcconfig */;
			buildSettings = {
				ALWAYS_EMBED_SWIFT_STANDARD_LIBRARIES = YES;
				CODE_SIGN_STYLE = Automatic;
				CURRENT_PROJECT_VERSION = 1;
				DEVELOPMENT_TEAM = 935WTYE9VM;
				GENERATE_INFOPLIST_FILE = YES;
				MARKETING_VERSION = 1.0;
				PRODUCT_BUNDLE_IDENTIFIER = com.trustly.spm.app.TrustlySDKDemoIOSUITests;
				PRODUCT_NAME = "$(TARGET_NAME)";
				SWIFT_EMIT_LOC_STRINGS = NO;
				SWIFT_VERSION = 5.0;
				TARGETED_DEVICE_FAMILY = "1,2";
				TEST_TARGET_NAME = TrustlySDKDemoIOS;
			};
			name = Release;
		};
/* End XCBuildConfiguration section */

/* Begin XCConfigurationList section */
		154925BC2A37BC4B00D39D9B /* Build configuration list for PBXProject "TrustlySDKDemoIOS" */ = {
			isa = XCConfigurationList;
			buildConfigurations = (
				154925E32A37BC4D00D39D9B /* Debug */,
				154925E42A37BC4D00D39D9B /* Release */,
			);
			defaultConfigurationIsVisible = 0;
			defaultConfigurationName = Release;
		};
		154925E52A37BC4D00D39D9B /* Build configuration list for PBXNativeTarget "TrustlySDKDemoIOS" */ = {
			isa = XCConfigurationList;
			buildConfigurations = (
				154925E62A37BC4D00D39D9B /* Debug */,
				154925E72A37BC4D00D39D9B /* Release */,
			);
			defaultConfigurationIsVisible = 0;
			defaultConfigurationName = Release;
		};
		154925E82A37BC4D00D39D9B /* Build configuration list for PBXNativeTarget "TrustlySDKDemoIOSTests" */ = {
			isa = XCConfigurationList;
			buildConfigurations = (
				154925E92A37BC4D00D39D9B /* Debug */,
				154925EA2A37BC4D00D39D9B /* Release */,
			);
			defaultConfigurationIsVisible = 0;
			defaultConfigurationName = Release;
		};
		154925EB2A37BC4D00D39D9B /* Build configuration list for PBXNativeTarget "TrustlySDKDemoIOSUITests" */ = {
			isa = XCConfigurationList;
			buildConfigurations = (
				154925EC2A37BC4D00D39D9B /* Debug */,
				154925ED2A37BC4D00D39D9B /* Release */,
			);
			defaultConfigurationIsVisible = 0;
			defaultConfigurationName = Release;
		};
/* End XCConfigurationList section */
	};
	rootObject = 154925B92A37BC4B00D39D9B /* Project object */;
}
